<?xml version="1.0" encoding="utf-8"?>
<Project ToolsVersion="4.0" xmlns="http://schemas.microsoft.com/developer/msbuild/2003">
  <ItemGroup>
    <Filter Include="Source Files">
      <UniqueIdentifier>{4FC737F1-C7A5-4376-A066-2A32D752A2FF}</UniqueIdentifier>
      <Extensions>cpp;c;cc;cxx;c++;cppm;ixx;def;odl;idl;hpj;bat;asm;asmx</Extensions>
    </Filter>
    <Filter Include="Header Files">
      <UniqueIdentifier>{93995380-89BD-4b04-88EB-625FBE52EBFB}</UniqueIdentifier>
      <Extensions>h;hh;hpp;hxx;h++;hm;inl;inc;ipp;xsd</Extensions>
    </Filter>
    <Filter Include="Resource Files">
      <UniqueIdentifier>{67DA6AB6-F800-4c08-8B7A-83BB121AAD01}</UniqueIdentifier>
      <Extensions>rc;ico;cur;bmp;dlg;rc2;rct;bin;rgs;gif;jpg;jpeg;jpe;resx;tiff;tif;png;wav;mfcribbon-ms</Extensions>
    </Filter>
  </ItemGroup>
  <ItemGroup>
    <ClInclude Include="src\ezcompiler.h">
      <Filter>Header Files</Filter>
    </ClInclude>
    <ClInclude Include="src\msbuild\msbuild.h">
      <Filter>Header Files</Filter>
    </ClInclude>
    <ClInclude Include="src\msbuild\msbuild_syntax.h">
      <Filter>Header Files</Filter>
    </ClInclude>
    <ClInclude Include="src\msbuild\vcxproj.h">
      <Filter>Header Files</Filter>
    </ClInclude>
    <ClInclude Include="src\msbuild\load_vcxproj.h">
      <Filter>Header Files</Filter>
    </ClInclude>
    <ClInclude Include="src\minics\cs_bool.h">
      <Filter>Header Files</Filter>
    </ClInclude>
    <ClInclude Include="src\minics\cs_iconvertible.h">
      <Filter>Header Files</Filter>
    </ClInclude>
    <ClInclude Include="src\minics\cs_object.h">
      <Filter>Header Files</Filter>
    </ClInclude>
    <ClInclude Include="src\minics\cs_state.h">
      <Filter>Header Files</Filter>
    </ClInclude>
    <ClInclude Include="src\minics\cs_string.h">
      <Filter>Header Files</Filter>
    </ClInclude>
    <ClInclude Include="src\minics\cs_type.h">
      <Filter>Header Files</Filter>
    </ClInclude>
    <ClInclude Include="src\msbuild\cs_msbuild.h">
      <Filter>Header Files</Filter>
    </ClInclude>
    <ClInclude Include="src\MiniCS\cs_int.h">
      <Filter>Header Files</Filter>
    </ClInclude>
    <ClInclude Include="src\minics\cs_calldelegate.h">
      <Filter>Header Files</Filter>
    </ClInclude>
    <ClInclude Include="src\cl.h">
      <Filter>Header Files</Filter>
    </ClInclude>
    <ClInclude Include="src\cl_vcx.h">
      <Filter>Header Files</Filter>
    </ClInclude>
    <ClInclude Include="src\langs.h">
      <Filter>Header Files</Filter>
    </ClInclude>
    <ClInclude Include="src\ezpath.h">
      <Filter>Header Files</Filter>
    </ClInclude>
  </ItemGroup>
  <ItemGroup>
    <ClCompile Include="src\main.cpp">
      <Filter>Source Files</Filter>
    </ClCompile>
    <ClCompile Include="src\ezcompiler.cpp">
      <Filter>Source Files</Filter>
    </ClCompile>
    <ClCompile Include="src\msbuild\msbuild.cpp">
      <Filter>Source Files</Filter>
    </ClCompile>
    <ClCompile Include="src\msbuild\msbuild_syntax.cpp">
      <Filter>Source Files</Filter>
    </ClCompile>
    <ClCompile Include="src\msbuild\vcxproj.cpp">
      <Filter>Source Files</Filter>
    </ClCompile>
    <ClCompile Include="src\msbuild\load_vcxproj.cpp">
      <Filter>Source Files</Filter>
    </ClCompile>
    <ClCompile Include="src\minics\cs_bool.cpp">
      <Filter>Source Files</Filter>
    </ClCompile>
    <ClCompile Include="src\minics\cs_object.cpp">
      <Filter>Source Files</Filter>
    </ClCompile>
    <ClCompile Include="src\minics\cs_string.cpp">
      <Filter>Source Files</Filter>
    </ClCompile>
    <ClCompile Include="src\minics\cs_type.cpp">
      <Filter>Source Files</Filter>
    </ClCompile>
    <ClCompile Include="src\msbuild\cs_msbuild.cpp">
      <Filter>Source Files</Filter>
    </ClCompile>
    <ClCompile Include="src\MiniCS\cs_state.cpp">
      <Filter>Source Files</Filter>
    </ClCompile>
    <ClCompile Include="src\MiniCS\cs_int.cpp">
      <Filter>Source Files</Filter>
    </ClCompile>
    <ClCompile Include="src\cl.cpp">
      <Filter>Source Files</Filter>
    </ClCompile>
    <ClCompile Include="src\cl_vcx.cpp">
      <Filter>Source Files</Filter>
    </ClCompile>
    <ClCompile Include="src\ezpath.cpp">
      <Filter>Source Files</Filter>
    </ClCompile>
  </ItemGroup>
</Project>